
Microsoft Visual Studio Solution File, Format Version 12.00
# Visual Studio Version 17
VisualStudioVersion = 17.3.32929.385
MinimumVisualStudioVersion = 10.0.40219.1
Project("{FAE04EC0-301F-11D3-BF4B-00C04F79EFBC}") = "Core", "Core\Core.csproj", "{693A4153-3AEE-416F-9208-DFAA2FA59265}"
EndProject
Project("{FAE04EC0-301F-11D3-BF4B-00C04F79EFBC}") = "MicrosoftGraphWithMsi.net7", "MicrosoftGraphWithMsi.net7\MicrosoftGraphWithMsi.net7.csproj", "{16DD47FE-2A99-436D-A803-FF70C2EF466C}"
EndProject
Global
	GlobalSection(SolutionConfigurationPlatforms) = preSolution
		Debug|Any CPU = Debug|Any CPU
		Release|Any CPU = Release|Any CPU
	EndGlobalSection
	GlobalSection(ProjectConfigurationPlatforms) = postSolution
		{693A4153-3AEE-416F-9208-DFAA2FA59265}.Debug|Any CPU.ActiveCfg = Debug|Any CPU
		{693A4153-3AEE-416F-9208-DFAA2FA59265}.Debug|Any CPU.Build.0 = Debug|Any CPU
		{693A4153-3AEE-416F-9208-DFAA2FA59265}.Release|Any CPU.ActiveCfg = Release|Any CPU
		{693A4153-3AEE-416F-9208-DFAA2FA59265}.Release|Any CPU.Build.0 = Release|Any CPU
		{16DD47FE-2A99-436D-A803-FF70C2EF466C}.Debug|Any CPU.ActiveCfg = Debug|Any CPU
		{16DD47FE-2A99-436D-A803-FF70C2EF466C}.Debug|Any CPU.Build.0 = Debug|Any CPU
		{16DD47FE-2A99-436D-A803-FF70C2EF466C}.Release|Any CPU.ActiveCfg = Release|Any CPU
		{16DD47FE-2A99-436D-A803-FF70C2EF466C}.Release|Any CPU.Build.0 = Release|Any CPU
	EndGlobalSection
	GlobalSection(SolutionProperties) = preSolution
		HideSolutionNode = FALSE
	EndGlobalSection
	GlobalSection(ExtensibilityGlobals) = postSolution
		SolutionGuid = {90784D13-999E-4757-A999-A194CFA132F0}
	EndGlobalSection
EndGlobal
